PODS:
  - AFNetworking (3.0.4):
    - AFNetworking/NSURLSession (= 3.0.4)
    - AFNetworking/Reachability (= 3.0.4)
    - AFNetworking/Security (= 3.0.4)
    - AFNetworking/Serialization (= 3.0.4)
    - AFNetworking/UIKit (= 3.0.4)
  - AFNetworking/NSURLSession (3.0.4):
    - AFNetworking/Reachability
    - AFNetworking/Security
    - AFNetworking/Serialization
  - AFNetworking/Reachability (3.0.4)
  - AFNetworking/Security (3.0.4)
  - AFNetworking/Serialization (3.0.4)
  - AFNetworking/UIKit (3.0.4):
    - AFNetworking/NSURLSession
  - BlocksKit (2.2.5):
    - BlocksKit/All (= 2.2.5)
  - BlocksKit/All (2.2.5):
    - BlocksKit/Core
    - BlocksKit/DynamicDelegate
    - BlocksKit/MessageUI
    - BlocksKit/UIKit
  - BlocksKit/Core (2.2.5)
  - BlocksKit/DynamicDelegate (2.2.5)
  - BlocksKit/MessageUI (2.2.5):
    - BlocksKit/Core
    - BlocksKit/DynamicDelegate
  - BlocksKit/UIKit (2.2.5):
    - BlocksKit/Core
    - BlocksKit/DynamicDelegate
  - CocoaAsyncSocket (7.4.3):
    - CocoaAsyncSocket/All (= 7.4.3)
  - CocoaAsyncSocket/All (7.4.3):
    - CocoaAsyncSocket/GCD
    - CocoaAsyncSocket/RunLoop
  - CocoaAsyncSocket/GCD (7.4.3)
  - CocoaAsyncSocket/RunLoop (7.4.3)
  - FMDB (2.6.2):
    - FMDB/standard (= 2.6.2)
  - FMDB/standard (2.6.2)
  - iCarousel (1.8.3)
  - IQKeyboardManager (4.0.7)
  - Masonry (1.0.2)
  - MBProgressHUD (0.9.2)
  - MJRefresh (3.1.12)
  - ReactiveObjC (2.1.0)
  - SDWebImage (3.7.6):
    - SDWebImage/Core (= 3.7.6)
  - SDWebImage/Core (3.7.6)
  - TTTAttributedLabel (2.0.0)
  - WebViewJavascriptBridge (5.0.5)
  - YYKeyboardManager (1.0.1)
  - YYModel (1.0.4)

DEPENDENCIES:
  - AFNetworking (~> 3.0.4)
  - BlocksKit (~> 2.2.5)
  - CocoaAsyncSocket (~> 7.4.3)
  - FMDB (~> 2.6.2)
  - iCarousel (~> 1.8.2)
  - IQKeyboardManager (~> 4.0.3)
  - Masonry (~> 1.0.1)
  - MBProgressHUD (~> 0.9.2)
  - MJRefresh (~> 3.1.0)
  - ReactiveObjC (from `https://github.com/ReactiveCocoa/ReactiveObjC.git`)
  - SDWebImage (~> 3.7.5)
  - TTTAttributedLabel (~> 2.0.0)
  - WebViewJavascriptBridge (~> 5.0.5)
  - YYKeyboardManager (~> 1.0.1)
  - YYModel (~> 1.0.4)

EXTERNAL SOURCES:
  ReactiveObjC:
    :git: https://github.com/ReactiveCocoa/ReactiveObjC.git

CHECKOUT OPTIONS:
  ReactiveObjC:
    :commit: 815cef62fbf0dc2dac473b81023497f922f8b227
    :git: https://github.com/ReactiveCocoa/ReactiveObjC.git

SPEC CHECKSUMS:
  AFNetworking: a0075feb321559dc78d9d85b55d11caa19eabb93
  BlocksKit: 7f422b971407001178d181a43b99014ea2591fe6
  CocoaAsyncSocket: a18c75dca4b08723628a0bacca6e94803d90be91
  FMDB: 854a0341b4726e53276f2a8996f06f1b80f9259a
  iCarousel: d782f635afac190c49bb8ee455882284cff8b85f
  IQKeyboardManager: 69002bb4fea60596b710e57d426abc00e5063630
  Masonry: 7c429b56da9d4ee0bbb3ed77a5ea710d6a5df39e
  MBProgressHUD: 1569cf7ace17a8bac47aabfbb8580a49690386d1
  MJRefresh: b96cdb21c4aa75a7b07654311ab2f315c497e806
  ReactiveObjC: 2edae120982d8e6d5407503a10edcfdd87eb8639
  SDWebImage: c325cf02c30337336b95beff20a13df489ec0ec9
  TTTAttributedLabel: 8cffe8e127e4e82ff3af1e5386d4cd0ad000b656
  WebViewJavascriptBridge: a4d502315f1b8d9a51cd6a9174147ed567ec3bc5
  YYKeyboardManager: ff53d2e80d1808567a7f004028bd200d9469a89f
  YYModel: 2a7fdd96aaa4b86a824e26d0c517de8928c04b30

PODFILE CHECKSUM: b2843b8fbc68ced9f26fec1bc04c1a8e6747242f

COCOAPODS: 1.2.0.beta.1
