// !$*UTF8*$!
{
	archiveVersion = 1;
	classes = {
	};
	objectVersion = 46;
	objects = {

/* Begin PBXBuildFile section */
		A769AC0AAE74BD0BE0943FF1 /* libPods-TemplateProject.a in Frameworks */ = {isa = PBXBuildFile; fileRef = 6900B7F4098D8950D1861765 /* libPods-TemplateProject.a */; };
		A910E6E61DF56A50002073CF /* HttpClient.m in Sources */ = {isa = PBXBuildFile; fileRef = A910E6E21DF56A50002073CF /* HttpClient.m */; };
		A910E6E71DF56A50002073CF /* HttpParametersUtility.m in Sources */ = {isa = PBXBuildFile; fileRef = A910E6E41DF56A50002073CF /* HttpParametersUtility.m */; };
		A910E6F11DF56FCA002073CF /* NSData+YYAdd.m in Sources */ = {isa = PBXBuildFile; fileRef = A910E6EF1DF56FCA002073CF /* NSData+YYAdd.m */; };
		A910E6F31DF56FF6002073CF /* libz.tbd in Frameworks */ = {isa = PBXBuildFile; fileRef = A910E6F21DF56FF6002073CF /* libz.tbd */; };
		A91123821DF7EA100087BD92 /* BaseViewController.m in Sources */ = {isa = PBXBuildFile; fileRef = A91123811DF7EA100087BD92 /* BaseViewController.m */; };
		A956C4F21DFA824D0008A592 /* ThirdOpenPlatformManager.m in Sources */ = {isa = PBXBuildFile; fileRef = A956C4F11DFA824D0008A592 /* ThirdOpenPlatformManager.m */; };
		A956C4F91DFA82C60008A592 /* libWeChatSDK.a in Frameworks */ = {isa = PBXBuildFile; fileRef = A956C4F41DFA82C60008A592 /* libWeChatSDK.a */; };
		A956C4FA1DFA82C60008A592 /* README.txt in Resources */ = {isa = PBXBuildFile; fileRef = A956C4F51DFA82C60008A592 /* README.txt */; };
		A956C50E1DFA85270008A592 /* TencentOpenAPI.framework in Frameworks */ = {isa = PBXBuildFile; fileRef = A956C4FE1DFA85270008A592 /* TencentOpenAPI.framework */; };
		A956C50F1DFA85270008A592 /* TencentOpenApi_IOS_Bundle.bundle in Resources */ = {isa = PBXBuildFile; fileRef = A956C4FF1DFA85270008A592 /* TencentOpenApi_IOS_Bundle.bundle */; };
		A956C5101DFA85270008A592 /* libWeiboSDK.a in Frameworks */ = {isa = PBXBuildFile; fileRef = A956C5011DFA85270008A592 /* libWeiboSDK.a */; };
		A956C5111DFA85270008A592 /* WeiboSDK.bundle in Resources */ = {isa = PBXBuildFile; fileRef = A956C50B1DFA85270008A592 /* WeiboSDK.bundle */; };
		A956C5131DFA866B0008A592 /* CoreTelephony.framework in Frameworks */ = {isa = PBXBuildFile; fileRef = A956C5121DFA866B0008A592 /* CoreTelephony.framework */; };
		A956C5151DFA86930008A592 /* SystemConfiguration.framework in Frameworks */ = {isa = PBXBuildFile; fileRef = A956C5141DFA86930008A592 /* SystemConfiguration.framework */; };
		A956C5171DFA86A10008A592 /* libsqlite3.0.tbd in Frameworks */ = {isa = PBXBuildFile; fileRef = A956C5161DFA86A10008A592 /* libsqlite3.0.tbd */; };
		A956C5191DFA86B10008A592 /* libstdc++.6.tbd in Frameworks */ = {isa = PBXBuildFile; fileRef = A956C5181DFA86B10008A592 /* libstdc++.6.tbd */; };
		A956C51D1DFAB7730008A592 /* ShareModel.m in Sources */ = {isa = PBXBuildFile; fileRef = A956C51C1DFAB7730008A592 /* ShareModel.m */; };
		A9727A7C1DF00429002640EB /* InfoPlist.strings in Resources */ = {isa = PBXBuildFile; fileRef = A9727A7E1DF00429002640EB /* InfoPlist.strings */; };
		A9727A831DF00447002640EB /* Language.strings in Resources */ = {isa = PBXBuildFile; fileRef = A9727A851DF00447002640EB /* Language.strings */; };
		A9727A8A1DF004EC002640EB /* LanguageTool.m in Sources */ = {isa = PBXBuildFile; fileRef = A9727A891DF004EC002640EB /* LanguageTool.m */; };
		A9D89D871DF7D9AD0020890F /* JPEngine.m in Sources */ = {isa = PBXBuildFile; fileRef = A9D89D851DF7D9AD0020890F /* JPEngine.m */; };
		A9D89D881DF7D9AD0020890F /* JSPatch.js in Resources */ = {isa = PBXBuildFile; fileRef = A9D89D861DF7D9AD0020890F /* JSPatch.js */; };
		A9D89D8D1DF7DA030020890F /* HotFixEngine.m in Sources */ = {isa = PBXBuildFile; fileRef = A9D89D8B1DF7DA030020890F /* HotFixEngine.m */; };
		A9D89D8E1DF7DA030020890F /* test.js in Resources */ = {isa = PBXBuildFile; fileRef = A9D89D8C1DF7DA030020890F /* test.js */; };
		A9D89D911DF7DCA00020890F /* LanguageSelectViewController.m in Sources */ = {isa = PBXBuildFile; fileRef = A9D89D901DF7DCA00020890F /* LanguageSelectViewController.m */; };
		CC3F69171DF276B600F85540 /* ShowPhotoViewController.m in Sources */ = {isa = PBXBuildFile; fileRef = CC3F69161DF276B600F85540 /* ShowPhotoViewController.m */; };
		CC4EFFCF1DF17D3000B7C5BB /* MultiImagePickController.m in Sources */ = {isa = PBXBuildFile; fileRef = CC4EFFCE1DF17D3000B7C5BB /* MultiImagePickController.m */; };
		CC8CD5E61DEEC02600A682B6 /* main.m in Sources */ = {isa = PBXBuildFile; fileRef = CC8CD5E51DEEC02600A682B6 /* main.m */; };
		CC8CD5E91DEEC02600A682B6 /* AppDelegate.m in Sources */ = {isa = PBXBuildFile; fileRef = CC8CD5E81DEEC02600A682B6 /* AppDelegate.m */; };
		CC8CD5EC1DEEC02600A682B6 /* ViewController.m in Sources */ = {isa = PBXBuildFile; fileRef = CC8CD5EB1DEEC02600A682B6 /* ViewController.m */; };
		CC8CD5F11DEEC02600A682B6 /* Assets.xcassets in Resources */ = {isa = PBXBuildFile; fileRef = CC8CD5F01DEEC02600A682B6 /* Assets.xcassets */; };
		CC8CD5F41DEEC02600A682B6 /* LaunchScreen.storyboard in Resources */ = {isa = PBXBuildFile; fileRef = CC8CD5F21DEEC02600A682B6 /* LaunchScreen.storyboard */; };
		CCD9207B1DFA7845004503A8 /* ForgetPassViewController.m in Sources */ = {isa = PBXBuildFile; fileRef = CCD920741DFA7845004503A8 /* ForgetPassViewController.m */; };
		CCD9207C1DFA7845004503A8 /* LoginViewController.m in Sources */ = {isa = PBXBuildFile; fileRef = CCD920761DFA7845004503A8 /* LoginViewController.m */; };
		CCD9207D1DFA7845004503A8 /* ModifyPassWordViewController.m in Sources */ = {isa = PBXBuildFile; fileRef = CCD920781DFA7845004503A8 /* ModifyPassWordViewController.m */; };
		CCD9207E1DFA7845004503A8 /* RegisterViewController.m in Sources */ = {isa = PBXBuildFile; fileRef = CCD9207A1DFA7845004503A8 /* RegisterViewController.m */; };
		CCFC08A41DEFF14900DF895E /* NSDateAdditions.m in Sources */ = {isa = PBXBuildFile; fileRef = CCFC08841DEFF14900DF895E /* NSDateAdditions.m */; settings = {COMPILER_FLAGS = "-fno-objc-arc"; }; };
		CCFC08A51DEFF14900DF895E /* NSMutableAttributedString+Utility.m in Sources */ = {isa = PBXBuildFile; fileRef = CCFC08861DEFF14900DF895E /* NSMutableAttributedString+Utility.m */; };
		CCFC08A61DEFF14900DF895E /* NSObjectAdditions.m in Sources */ = {isa = PBXBuildFile; fileRef = CCFC08881DEFF14900DF895E /* NSObjectAdditions.m */; settings = {COMPILER_FLAGS = "-fno-objc-arc"; }; };
		CCFC08A71DEFF14900DF895E /* NSStringAdditions.m in Sources */ = {isa = PBXBuildFile; fileRef = CCFC088A1DEFF14900DF895E /* NSStringAdditions.m */; settings = {COMPILER_FLAGS = "-fno-objc-arc"; }; };
		CCFC08A81DEFF14900DF895E /* NullSafe.m in Sources */ = {isa = PBXBuildFile; fileRef = CCFC088B1DEFF14900DF895E /* NullSafe.m */; };
		CCFC08A91DEFF14900DF895E /* UIButton+Layout.m in Sources */ = {isa = PBXBuildFile; fileRef = CCFC088D1DEFF14900DF895E /* UIButton+Layout.m */; };
		CCFC08AA1DEFF14900DF895E /* UIColor+WYColor.m in Sources */ = {isa = PBXBuildFile; fileRef = CCFC088F1DEFF14900DF895E /* UIColor+WYColor.m */; };
		CCFC08AB1DEFF14900DF895E /* UIColorAdditions.m in Sources */ = {isa = PBXBuildFile; fileRef = CCFC08911DEFF14900DF895E /* UIColorAdditions.m */; };
		CCFC08AC1DEFF14900DF895E /* UIFont+Default.m in Sources */ = {isa = PBXBuildFile; fileRef = CCFC08931DEFF14900DF895E /* UIFont+Default.m */; };
		CCFC08AD1DEFF14900DF895E /* UIImage+WYImage.m in Sources */ = {isa = PBXBuildFile; fileRef = CCFC08951DEFF14900DF895E /* UIImage+WYImage.m */; };
		CCFC08AE1DEFF14900DF895E /* UIImageAdditions.m in Sources */ = {isa = PBXBuildFile; fileRef = CCFC08971DEFF14900DF895E /* UIImageAdditions.m */; };
		CCFC08AF1DEFF14900DF895E /* UILabel+Gradient.m in Sources */ = {isa = PBXBuildFile; fileRef = CCFC08991DEFF14900DF895E /* UILabel+Gradient.m */; };
		CCFC08B01DEFF14900DF895E /* UIView+Diamond.m in Sources */ = {isa = PBXBuildFile; fileRef = CCFC089B1DEFF14900DF895E /* UIView+Diamond.m */; };
		CCFC08B11DEFF14900DF895E /* UIView+FrameLayout.m in Sources */ = {isa = PBXBuildFile; fileRef = CCFC089D1DEFF14900DF895E /* UIView+FrameLayout.m */; };
		CCFC08B31DEFF14900DF895E /* UIView+WYView.m in Sources */ = {isa = PBXBuildFile; fileRef = CCFC08A11DEFF14900DF895E /* UIView+WYView.m */; };
		CCFC08B41DEFF14900DF895E /* UIViewAdditions.m in Sources */ = {isa = PBXBuildFile; fileRef = CCFC08A31DEFF14900DF895E /* UIViewAdditions.m */; settings = {COMPILER_FLAGS = "-fno-objc-arc"; }; };
		CCFC08B71DEFF16800DF895E /* Validate.m in Sources */ = {isa = PBXBuildFile; fileRef = CCFC08B61DEFF16800DF895E /* Validate.m */; };
		CCFC08C71DF0418400DF895E /* User.m in Sources */ = {isa = PBXBuildFile; fileRef = CCFC08C61DF0418400DF895E /* User.m */; };
		CCFC08DA1DF0419700DF895E /* MineViewController.m in Sources */ = {isa = PBXBuildFile; fileRef = CCFC08CF1DF0419700DF895E /* MineViewController.m */; };
		CCFC08DB1DF0419700DF895E /* PersonalInfoViewController.m in Sources */ = {isa = PBXBuildFile; fileRef = CCFC08D11DF0419700DF895E /* PersonalInfoViewController.m */; };
		CCFC08DC1DF0419700DF895E /* MainTabBarViewController.m in Sources */ = {isa = PBXBuildFile; fileRef = CCFC08D41DF0419700DF895E /* MainTabBarViewController.m */; };
		CCFC08DD1DF0419700DF895E /* TestViewController.m in Sources */ = {isa = PBXBuildFile; fileRef = CCFC08D71DF0419700DF895E /* TestViewController.m */; };
		CCFDA4411DF7A1D40085DD96 /* MapViewController.m in Sources */ = {isa = PBXBuildFile; fileRef = CCFDA4401DF7A1D40085DD96 /* MapViewController.m */; };
		CCFDA4451DF7AD950085DD96 /* MyAnnotation.m in Sources */ = {isa = PBXBuildFile; fileRef = CCFDA4441DF7AD950085DD96 /* MyAnnotation.m */; };
		CCFDA4481DF7B8CA0085DD96 /* CacheUtil.m in Sources */ = {isa = PBXBuildFile; fileRef = CCFDA4471DF7B8CA0085DD96 /* CacheUtil.m */; };
		CCFDA44B1DF7D4E90085DD96 /* DownloaderViewController.m in Sources */ = {isa = PBXBuildFile; fileRef = CCFDA44A1DF7D4E90085DD96 /* DownloaderViewController.m */; };
/* End PBXBuildFile section */

/* Begin PBXFileReference section */
		3431A6DFB747424FE6B26ECA /* Pods-TemplateProject.debug.xcconfig */ = {isa = PBXFileReference; includeInIndex = 1; lastKnownFileType = text.xcconfig; name = "Pods-TemplateProject.debug.xcconfig"; path = "Pods/Target Support Files/Pods-TemplateProject/Pods-TemplateProject.debug.xcconfig"; sourceTree = "<group>"; };
		58621766AF40096ED4BAE848 /* Pods-TemplateProject.release.xcconfig */ = {isa = PBXFileReference; includeInIndex = 1; lastKnownFileType = text.xcconfig; name = "Pods-TemplateProject.release.xcconfig"; path = "Pods/Target Support Files/Pods-TemplateProject/Pods-TemplateProject.release.xcconfig"; sourceTree = "<group>"; };
		6900B7F4098D8950D1861765 /* libPods-TemplateProject.a */ = {isa = PBXFileReference; explicitFileType = archive.ar; includeInIndex = 0; path = "libPods-TemplateProject.a"; sourceTree = BUILT_PRODUCTS_DIR; };
		A910E6E11DF56A50002073CF /* HttpClient.h */ = {isa = PBXFileReference; fileEncoding = 4; lastKnownFileType = sourcecode.c.h; path = HttpClient.h; sourceTree = "<group>"; };
		A910E6E21DF56A50002073CF /* HttpClient.m */ = {isa = PBXFileReference; fileEncoding = 4; lastKnownFileType = sourcecode.c.objc; path = HttpClient.m; sourceTree = "<group>"; };
		A910E6E31DF56A50002073CF /* HttpParametersUtility.h */ = {isa = PBXFileReference; fileEncoding = 4; lastKnownFileType = sourcecode.c.h; path = HttpParametersUtility.h; sourceTree = "<group>"; };
		A910E6E41DF56A50002073CF /* HttpParametersUtility.m */ = {isa = PBXFileReference; fileEncoding = 4; lastKnownFileType = sourcecode.c.objc; path = HttpParametersUtility.m; sourceTree = "<group>"; };
		A910E6E51DF56A50002073CF /* HttpURLDefine.h */ = {isa = PBXFileReference; fileEncoding = 4; lastKnownFileType = sourcecode.c.h; path = HttpURLDefine.h; sourceTree = "<group>"; };
		A910E6EE1DF56FCA002073CF /* NSData+YYAdd.h */ = {isa = PBXFileReference; fileEncoding = 4; lastKnownFileType = sourcecode.c.h; path = "NSData+YYAdd.h"; sourceTree = "<group>"; };
		A910E6EF1DF56FCA002073CF /* NSData+YYAdd.m */ = {isa = PBXFileReference; fileEncoding = 4; lastKnownFileType = sourcecode.c.objc; path = "NSData+YYAdd.m"; sourceTree = "<group>"; };
		A910E6F01DF56FCA002073CF /* YYCategoriesMacro.h */ = {isa = PBXFileReference; fileEncoding = 4; lastKnownFileType = sourcecode.c.h; path = YYCategoriesMacro.h; sourceTree = "<group>"; };
		A910E6F21DF56FF6002073CF /* libz.tbd */ = {isa = PBXFileReference; lastKnownFileType = "sourcecode.text-based-dylib-definition"; name = libz.tbd; path = usr/lib/libz.tbd; sourceTree = SDKROOT; };
		A91123801DF7EA100087BD92 /* BaseViewController.h */ = {isa = PBXFileReference; fileEncoding = 4; lastKnownFileType = sourcecode.c.h; path = BaseViewController.h; sourceTree = "<group>"; };
		A91123811DF7EA100087BD92 /* BaseViewController.m */ = {isa = PBXFileReference; fileEncoding = 4; lastKnownFileType = sourcecode.c.objc; path = BaseViewController.m; sourceTree = "<group>"; };
		A956C4F01DFA824D0008A592 /* ThirdOpenPlatformManager.h */ = {isa = PBXFileReference; fileEncoding = 4; lastKnownFileType = sourcecode.c.h; path = ThirdOpenPlatformManager.h; sourceTree = "<group>"; };
		A956C4F11DFA824D0008A592 /* ThirdOpenPlatformManager.m */ = {isa = PBXFileReference; fileEncoding = 4; lastKnownFileType = sourcecode.c.objc; path = ThirdOpenPlatformManager.m; sourceTree = "<group>"; };
		A956C4F41DFA82C60008A592 /* libWeChatSDK.a */ = {isa = PBXFileReference; lastKnownFileType = archive.ar; path = libWeChatSDK.a; sourceTree = "<group>"; };
		A956C4F51DFA82C60008A592 /* README.txt */ = {isa = PBXFileReference; fileEncoding = 4; lastKnownFileType = text; path = README.txt; sourceTree = "<group>"; };
		A956C4F61DFA82C60008A592 /* WechatAuthSDK.h */ = {isa = PBXFileReference; fileEncoding = 4; lastKnownFileType = sourcecode.c.h; path = WechatAuthSDK.h; sourceTree = "<group>"; };
		A956C4F71DFA82C60008A592 /* WXApi.h */ = {isa = PBXFileReference; fileEncoding = 4; lastKnownFileType = sourcecode.c.h; path = WXApi.h; sourceTree = "<group>"; };
		A956C4F81DFA82C60008A592 /* WXApiObject.h */ = {isa = PBXFileReference; fileEncoding = 4; lastKnownFileType = sourcecode.c.h; path = WXApiObject.h; sourceTree = "<group>"; };
		A956C4FE1DFA85270008A592 /* TencentOpenAPI.framework */ = {isa = PBXFileReference; lastKnownFileType = wrapper.framework; path = TencentOpenAPI.framework; sourceTree = "<group>"; };
		A956C4FF1DFA85270008A592 /* TencentOpenApi_IOS_Bundle.bundle */ = {isa = PBXFileReference; lastKnownFileType = "wrapper.plug-in"; path = TencentOpenApi_IOS_Bundle.bundle; sourceTree = "<group>"; };
		A956C5011DFA85270008A592 /* libWeiboSDK.a */ = {isa = PBXFileReference; lastKnownFileType = archive.ar; path = libWeiboSDK.a; sourceTree = "<group>"; };
		A956C5021DFA85270008A592 /* WBHttpRequest+WeiboGame.h */ = {isa = PBXFileReference; fileEncoding = 4; lastKnownFileType = sourcecode.c.h; path = "WBHttpRequest+WeiboGame.h"; sourceTree = "<group>"; };
		A956C5031DFA85270008A592 /* WBHttpRequest+WeiboShare.h */ = {isa = PBXFileReference; fileEncoding = 4; lastKnownFileType = sourcecode.c.h; path = "WBHttpRequest+WeiboShare.h"; sourceTree = "<group>"; };
		A956C5041DFA85270008A592 /* WBHttpRequest+WeiboToken.h */ = {isa = PBXFileReference; fileEncoding = 4; lastKnownFileType = sourcecode.c.h; path = "WBHttpRequest+WeiboToken.h"; sourceTree = "<group>"; };
		A956C5051DFA85270008A592 /* WBHttpRequest+WeiboUser.h */ = {isa = PBXFileReference; fileEncoding = 4; lastKnownFileType = sourcecode.c.h; path = "WBHttpRequest+WeiboUser.h"; sourceTree = "<group>"; };
		A956C5061DFA85270008A592 /* WBHttpRequest.h */ = {isa = PBXFileReference; fileEncoding = 4; lastKnownFileType = sourcecode.c.h; path = WBHttpRequest.h; sourceTree = "<group>"; };
		A956C5071DFA85270008A592 /* WBSDKBasicButton.h */ = {isa = PBXFileReference; fileEncoding = 4; lastKnownFileType = sourcecode.c.h; path = WBSDKBasicButton.h; sourceTree = "<group>"; };
		A956C5081DFA85270008A592 /* WBSDKCommentButton.h */ = {isa = PBXFileReference; fileEncoding = 4; lastKnownFileType = sourcecode.c.h; path = WBSDKCommentButton.h; sourceTree = "<group>"; };
		A956C5091DFA85270008A592 /* WBSDKRelationshipButton.h */ = {isa = PBXFileReference; fileEncoding = 4; lastKnownFileType = sourcecode.c.h; path = WBSDKRelationshipButton.h; sourceTree = "<group>"; };
		A956C50A1DFA85270008A592 /* WeiboSDK+Statistics.h */ = {isa = PBXFileReference; fileEncoding = 4; lastKnownFileType = sourcecode.c.h; path = "WeiboSDK+Statistics.h"; sourceTree = "<group>"; };
		A956C50B1DFA85270008A592 /* WeiboSDK.bundle */ = {isa = PBXFileReference; lastKnownFileType = "wrapper.plug-in"; path = WeiboSDK.bundle; sourceTree = "<group>"; };
		A956C50C1DFA85270008A592 /* WeiboSDK.h */ = {isa = PBXFileReference; fileEncoding = 4; lastKnownFileType = sourcecode.c.h; path = WeiboSDK.h; sourceTree = "<group>"; };
		A956C50D1DFA85270008A592 /* WeiboUser.h */ = {isa = PBXFileReference; fileEncoding = 4; lastKnownFileType = sourcecode.c.h; path = WeiboUser.h; sourceTree = "<group>"; };
		A956C5121DFA866B0008A592 /* CoreTelephony.framework */ = {isa = PBXFileReference; lastKnownFileType = wrapper.framework; name = CoreTelephony.framework; path = System/Library/Frameworks/CoreTelephony.framework; sourceTree = SDKROOT; };
		A956C5141DFA86930008A592 /* SystemConfiguration.framework */ = {isa = PBXFileReference; lastKnownFileType = wrapper.framework; name = SystemConfiguration.framework; path = System/Library/Frameworks/SystemConfiguration.framework; sourceTree = SDKROOT; };
		A956C5161DFA86A10008A592 /* libsqlite3.0.tbd */ = {isa = PBXFileReference; lastKnownFileType = "sourcecode.text-based-dylib-definition"; name = libsqlite3.0.tbd; path = usr/lib/libsqlite3.0.tbd; sourceTree = SDKROOT; };
		A956C5181DFA86B10008A592 /* libstdc++.6.tbd */ = {isa = PBXFileReference; lastKnownFileType = "sourcecode.text-based-dylib-definition"; name = "libstdc++.6.tbd"; path = "usr/lib/libstdc++.6.tbd"; sourceTree = SDKROOT; };
		A956C51A1DFA8A9E0008A592 /* Macro.h */ = {isa = PBXFileReference; fileEncoding = 4; lastKnownFileType = sourcecode.c.h; path = Macro.h; sourceTree = "<group>"; };
		A956C51B1DFAB7730008A592 /* ShareModel.h */ = {isa = PBXFileReference; fileEncoding = 4; lastKnownFileType = sourcecode.c.h; path = ShareModel.h; sourceTree = "<group>"; };
		A956C51C1DFAB7730008A592 /* ShareModel.m */ = {isa = PBXFileReference; fileEncoding = 4; lastKnownFileType = sourcecode.c.objc; path = ShareModel.m; sourceTree = "<group>"; };
		A9727A731DF0020C002640EB /* zh-Hans */ = {isa = PBXFileReference; lastKnownFileType = text.plist.strings; name = "zh-Hans"; path = "zh-Hans.lproj/LaunchScreen.strings"; sourceTree = "<group>"; };
		A9727A7B1DF0041C002640EB /* zh-Hant */ = {isa = PBXFileReference; lastKnownFileType = text.plist.strings; name = "zh-Hant"; path = "zh-Hant.lproj/LaunchScreen.strings"; sourceTree = "<group>"; };
		A9727A7D1DF00429002640EB /* en */ = {isa = PBXFileReference; lastKnownFileType = text.plist.strings; name = en; path = en.lproj/InfoPlist.strings; sourceTree = "<group>"; };
		A9727A7F1DF0042A002640EB /* zh-Hans */ = {isa = PBXFileReference; lastKnownFileType = text.plist.strings; name = "zh-Hans"; path = "zh-Hans.lproj/InfoPlist.strings"; sourceTree = "<group>"; };
		A9727A801DF0042C002640EB /* zh-Hant */ = {isa = PBXFileReference; lastKnownFileType = text.plist.strings; name = "zh-Hant"; path = "zh-Hant.lproj/InfoPlist.strings"; sourceTree = "<group>"; };
		A9727A841DF00447002640EB /* en */ = {isa = PBXFileReference; lastKnownFileType = text.plist.strings; name = en; path = en.lproj/Language.strings; sourceTree = "<group>"; };
		A9727A861DF00448002640EB /* zh-Hans */ = {isa = PBXFileReference; lastKnownFileType = text.plist.strings; name = "zh-Hans"; path = "zh-Hans.lproj/Language.strings"; sourceTree = "<group>"; };
		A9727A871DF0044A002640EB /* zh-Hant */ = {isa = PBXFileReference; lastKnownFileType = text.plist.strings; name = "zh-Hant"; path = "zh-Hant.lproj/Language.strings"; sourceTree = "<group>"; };
		A9727A881DF004EC002640EB /* LanguageTool.h */ = {isa = PBXFileReference; fileEncoding = 4; lastKnownFileType = sourcecode.c.h; path = LanguageTool.h; sourceTree = "<group>"; };
		A9727A891DF004EC002640EB /* LanguageTool.m */ = {isa = PBXFileReference; fileEncoding = 4; lastKnownFileType = sourcecode.c.objc; path = LanguageTool.m; sourceTree = "<group>"; };
		A9D89D841DF7D9AD0020890F /* JPEngine.h */ = {isa = PBXFileReference; fileEncoding = 4; lastKnownFileType = sourcecode.c.h; path = JPEngine.h; sourceTree = "<group>"; };
		A9D89D851DF7D9AD0020890F /* JPEngine.m */ = {isa = PBXFileReference; fileEncoding = 4; lastKnownFileType = sourcecode.c.objc; path = JPEngine.m; sourceTree = "<group>"; };
		A9D89D861DF7D9AD0020890F /* JSPatch.js */ = {isa = PBXFileReference; fileEncoding = 4; lastKnownFileType = sourcecode.javascript; path = JSPatch.js; sourceTree = "<group>"; };
		A9D89D8A1DF7DA030020890F /* HotFixEngine.h */ = {isa = PBXFileReference; fileEncoding = 4; lastKnownFileType = sourcecode.c.h; path = HotFixEngine.h; sourceTree = "<group>"; };
		A9D89D8B1DF7DA030020890F /* HotFixEngine.m */ = {isa = PBXFileReference; fileEncoding = 4; lastKnownFileType = sourcecode.c.objc; path = HotFixEngine.m; sourceTree = "<group>"; };
		A9D89D8C1DF7DA030020890F /* test.js */ = {isa = PBXFileReference; fileEncoding = 4; lastKnownFileType = sourcecode.javascript; path = test.js; sourceTree = "<group>"; };
		A9D89D8F1DF7DCA00020890F /* LanguageSelectViewController.h */ = {isa = PBXFileReference; fileEncoding = 4; lastKnownFileType = sourcecode.c.h; path = LanguageSelectViewController.h; sourceTree = "<group>"; };
		A9D89D901DF7DCA00020890F /* LanguageSelectViewController.m */ = {isa = PBXFileReference; fileEncoding = 4; lastKnownFileType = sourcecode.c.objc; path = LanguageSelectViewController.m; sourceTree = "<group>"; };
		CC3F69151DF276B600F85540 /* ShowPhotoViewController.h */ = {isa = PBXFileReference; fileEncoding = 4; lastKnownFileType = sourcecode.c.h; path = ShowPhotoViewController.h; sourceTree = "<group>"; };
		CC3F69161DF276B600F85540 /* ShowPhotoViewController.m */ = {isa = PBXFileReference; fileEncoding = 4; lastKnownFileType = sourcecode.c.objc; path = ShowPhotoViewController.m; sourceTree = "<group>"; };
		CC4EFFCD1DF17D3000B7C5BB /* MultiImagePickController.h */ = {isa = PBXFileReference; fileEncoding = 4; lastKnownFileType = sourcecode.c.h; path = MultiImagePickController.h; sourceTree = "<group>"; };
		CC4EFFCE1DF17D3000B7C5BB /* MultiImagePickController.m */ = {isa = PBXFileReference; fileEncoding = 4; lastKnownFileType = sourcecode.c.objc; path = MultiImagePickController.m; sourceTree = "<group>"; };
		CC8CD5E11DEEC02600A682B6 /* TemplateProject.app */ = {isa = PBXFileReference; explicitFileType = wrapper.application; includeInIndex = 0; path = TemplateProject.app; sourceTree = BUILT_PRODUCTS_DIR; };
		CC8CD5E51DEEC02600A682B6 /* main.m */ = {isa = PBXFileReference; lastKnownFileType = sourcecode.c.objc; path = main.m; sourceTree = "<group>"; };
		CC8CD5E71DEEC02600A682B6 /* AppDelegate.h */ = {isa = PBXFileReference; lastKnownFileType = sourcecode.c.h; path = AppDelegate.h; sourceTree = "<group>"; };
		CC8CD5E81DEEC02600A682B6 /* AppDelegate.m */ = {isa = PBXFileReference; lastKnownFileType = sourcecode.c.objc; path = AppDelegate.m; sourceTree = "<group>"; };
		CC8CD5EA1DEEC02600A682B6 /* ViewController.h */ = {isa = PBXFileReference; lastKnownFileType = sourcecode.c.h; path = ViewController.h; sourceTree = "<group>"; };
		CC8CD5EB1DEEC02600A682B6 /* ViewController.m */ = {isa = PBXFileReference; lastKnownFileType = sourcecode.c.objc; path = ViewController.m; sourceTree = "<group>"; };
		CC8CD5F01DEEC02600A682B6 /* Assets.xcassets */ = {isa = PBXFileReference; lastKnownFileType = folder.assetcatalog; path = Assets.xcassets; sourceTree = "<group>"; };
		CC8CD5F31DEEC02600A682B6 /* Base */ = {isa = PBXFileReference; lastKnownFileType = file.storyboard; name = Base; path = Base.lproj/LaunchScreen.storyboard; sourceTree = "<group>"; };
		CC8CD5F51DEEC02600A682B6 /* Info.plist */ = {isa = PBXFileReference; lastKnownFileType = text.plist.xml; path = Info.plist; sourceTree = "<group>"; };
		CCD920731DFA7845004503A8 /* ForgetPassViewController.h */ = {isa = PBXFileReference; fileEncoding = 4; lastKnownFileType = sourcecode.c.h; path = ForgetPassViewController.h; sourceTree = "<group>"; };
		CCD920741DFA7845004503A8 /* ForgetPassViewController.m */ = {isa = PBXFileReference; fileEncoding = 4; lastKnownFileType = sourcecode.c.objc; path = ForgetPassViewController.m; sourceTree = "<group>"; };
		CCD920751DFA7845004503A8 /* LoginViewController.h */ = {isa = PBXFileReference; fileEncoding = 4; lastKnownFileType = sourcecode.c.h; path = LoginViewController.h; sourceTree = "<group>"; };
		CCD920761DFA7845004503A8 /* LoginViewController.m */ = {isa = PBXFileReference; fileEncoding = 4; lastKnownFileType = sourcecode.c.objc; path = LoginViewController.m; sourceTree = "<group>"; };
		CCD920771DFA7845004503A8 /* ModifyPassWordViewController.h */ = {isa = PBXFileReference; fileEncoding = 4; lastKnownFileType = sourcecode.c.h; path = ModifyPassWordViewController.h; sourceTree = "<group>"; };
		CCD920781DFA7845004503A8 /* ModifyPassWordViewController.m */ = {isa = PBXFileReference; fileEncoding = 4; lastKnownFileType = sourcecode.c.objc; path = ModifyPassWordViewController.m; sourceTree = "<group>"; };
		CCD920791DFA7845004503A8 /* RegisterViewController.h */ = {isa = PBXFileReference; fileEncoding = 4; lastKnownFileType = sourcecode.c.h; path = RegisterViewController.h; sourceTree = "<group>"; };
		CCD9207A1DFA7845004503A8 /* RegisterViewController.m */ = {isa = PBXFileReference; fileEncoding = 4; lastKnownFileType = sourcecode.c.objc; path = RegisterViewController.m; sourceTree = "<group>"; };
		CCFC08831DEFF14900DF895E /* NSDateAdditions.h */ = {isa = PBXFileReference; fileEncoding = 4; lastKnownFileType = sourcecode.c.h; path = NSDateAdditions.h; sourceTree = "<group>"; };
		CCFC08841DEFF14900DF895E /* NSDateAdditions.m */ = {isa = PBXFileReference; fileEncoding = 4; lastKnownFileType = sourcecode.c.objc; path = NSDateAdditions.m; sourceTree = "<group>"; };
		CCFC08851DEFF14900DF895E /* NSMutableAttributedString+Utility.h */ = {isa = PBXFileReference; fileEncoding = 4; lastKnownFileType = sourcecode.c.h; path = "NSMutableAttributedString+Utility.h"; sourceTree = "<group>"; };
		CCFC08861DEFF14900DF895E /* NSMutableAttributedString+Utility.m */ = {isa = PBXFileReference; fileEncoding = 4; lastKnownFileType = sourcecode.c.objc; path = "NSMutableAttributedString+Utility.m"; sourceTree = "<group>"; };
		CCFC08871DEFF14900DF895E /* NSObjectAdditions.h */ = {isa = PBXFileReference; fileEncoding = 4; lastKnownFileType = sourcecode.c.h; path = NSObjectAdditions.h; sourceTree = "<group>"; };
		CCFC08881DEFF14900DF895E /* NSObjectAdditions.m */ = {isa = PBXFileReference; fileEncoding = 4; lastKnownFileType = sourcecode.c.objc; path = NSObjectAdditions.m; sourceTree = "<group>"; };
		CCFC08891DEFF14900DF895E /* NSStringAdditions.h */ = {isa = PBXFileReference; fileEncoding = 4; lastKnownFileType = sourcecode.c.h; path = NSStringAdditions.h; sourceTree = "<group>"; };
		CCFC088A1DEFF14900DF895E /* NSStringAdditions.m */ = {isa = PBXFileReference; fileEncoding = 4; lastKnownFileType = sourcecode.c.objc; path = NSStringAdditions.m; sourceTree = "<group>"; };
		CCFC088B1DEFF14900DF895E /* NullSafe.m */ = {isa = PBXFileReference; fileEncoding = 4; lastKnownFileType = sourcecode.c.objc; path = NullSafe.m; sourceTree = "<group>"; };
		CCFC088C1DEFF14900DF895E /* UIButton+Layout.h */ = {isa = PBXFileReference; fileEncoding = 4; lastKnownFileType = sourcecode.c.h; path = "UIButton+Layout.h"; sourceTree = "<group>"; };
		CCFC088D1DEFF14900DF895E /* UIButton+Layout.m */ = {isa = PBXFileReference; fileEncoding = 4; lastKnownFileType = sourcecode.c.objc; path = "UIButton+Layout.m"; sourceTree = "<group>"; };
		CCFC088E1DEFF14900DF895E /* UIColor+WYColor.h */ = {isa = PBXFileReference; fileEncoding = 4; lastKnownFileType = sourcecode.c.h; path = "UIColor+WYColor.h"; sourceTree = "<group>"; };
		CCFC088F1DEFF14900DF895E /* UIColor+WYColor.m */ = {isa = PBXFileReference; fileEncoding = 4; lastKnownFileType = sourcecode.c.objc; path = "UIColor+WYColor.m"; sourceTree = "<group>"; };
		CCFC08901DEFF14900DF895E /* UIColorAdditions.h */ = {isa = PBXFileReference; fileEncoding = 4; lastKnownFileType = sourcecode.c.h; path = UIColorAdditions.h; sourceTree = "<group>"; };
		CCFC08911DEFF14900DF895E /* UIColorAdditions.m */ = {isa = PBXFileReference; fileEncoding = 4; lastKnownFileType = sourcecode.c.objc; path = UIColorAdditions.m; sourceTree = "<group>"; };
		CCFC08921DEFF14900DF895E /* UIFont+Default.h */ = {isa = PBXFileReference; fileEncoding = 4; lastKnownFileType = sourcecode.c.h; path = "UIFont+Default.h"; sourceTree = "<group>"; };
		CCFC08931DEFF14900DF895E /* UIFont+Default.m */ = {isa = PBXFileReference; fileEncoding = 4; lastKnownFileType = sourcecode.c.objc; path = "UIFont+Default.m"; sourceTree = "<group>"; };
		CCFC08941DEFF14900DF895E /* UIImage+WYImage.h */ = {isa = PBXFileReference; fileEncoding = 4; lastKnownFileType = sourcecode.c.h; path = "UIImage+WYImage.h"; sourceTree = "<group>"; };
		CCFC08951DEFF14900DF895E /* UIImage+WYImage.m */ = {isa = PBXFileReference; fileEncoding = 4; lastKnownFileType = sourcecode.c.objc; path = "UIImage+WYImage.m"; sourceTree = "<group>"; };
		CCFC08961DEFF14900DF895E /* UIImageAdditions.h */ = {isa = PBXFileReference; fileEncoding = 4; lastKnownFileType = sourcecode.c.h; path = UIImageAdditions.h; sourceTree = "<group>"; };
		CCFC08971DEFF14900DF895E /* UIImageAdditions.m */ = {isa = PBXFileReference; fileEncoding = 4; lastKnownFileType = sourcecode.c.objc; path = UIImageAdditions.m; sourceTree = "<group>"; };
		CCFC08981DEFF14900DF895E /* UILabel+Gradient.h */ = {isa = PBXFileReference; fileEncoding = 4; lastKnownFileType = sourcecode.c.h; path = "UILabel+Gradient.h"; sourceTree = "<group>"; };
		CCFC08991DEFF14900DF895E /* UILabel+Gradient.m */ = {isa = PBXFileReference; fileEncoding = 4; lastKnownFileType = sourcecode.c.objc; path = "UILabel+Gradient.m"; sourceTree = "<group>"; };
		CCFC089A1DEFF14900DF895E /* UIView+Diamond.h */ = {isa = PBXFileReference; fileEncoding = 4; lastKnownFileType = sourcecode.c.h; path = "UIView+Diamond.h"; sourceTree = "<group>"; };
		CCFC089B1DEFF14900DF895E /* UIView+Diamond.m */ = {isa = PBXFileReference; fileEncoding = 4; lastKnownFileType = sourcecode.c.objc; path = "UIView+Diamond.m"; sourceTree = "<group>"; };
		CCFC089C1DEFF14900DF895E /* UIView+FrameLayout.h */ = {isa = PBXFileReference; fileEncoding = 4; lastKnownFileType = sourcecode.c.h; path = "UIView+FrameLayout.h"; sourceTree = "<group>"; };
		CCFC089D1DEFF14900DF895E /* UIView+FrameLayout.m */ = {isa = PBXFileReference; fileEncoding = 4; lastKnownFileType = sourcecode.c.objc; path = "UIView+FrameLayout.m"; sourceTree = "<group>"; };
		CCFC08A01DEFF14900DF895E /* UIView+WYView.h */ = {isa = PBXFileReference; fileEncoding = 4; lastKnownFileType = sourcecode.c.h; path = "UIView+WYView.h"; sourceTree = "<group>"; };
		CCFC08A11DEFF14900DF895E /* UIView+WYView.m */ = {isa = PBXFileReference; fileEncoding = 4; lastKnownFileType = sourcecode.c.objc; path = "UIView+WYView.m"; sourceTree = "<group>"; };
		CCFC08A21DEFF14900DF895E /* UIViewAdditions.h */ = {isa = PBXFileReference; fileEncoding = 4; lastKnownFileType = sourcecode.c.h; path = UIViewAdditions.h; sourceTree = "<group>"; };
		CCFC08A31DEFF14900DF895E /* UIViewAdditions.m */ = {isa = PBXFileReference; fileEncoding = 4; lastKnownFileType = sourcecode.c.objc; path = UIViewAdditions.m; sourceTree = "<group>"; };
		CCFC08B51DEFF16800DF895E /* Validate.h */ = {isa = PBXFileReference; fileEncoding = 4; lastKnownFileType = sourcecode.c.h; path = Validate.h; sourceTree = "<group>"; };
		CCFC08B61DEFF16800DF895E /* Validate.m */ = {isa = PBXFileReference; fileEncoding = 4; lastKnownFileType = sourcecode.c.objc; path = Validate.m; sourceTree = "<group>"; };
		CCFC08B81DEFF53B00DF895E /* Utility.h */ = {isa = PBXFileReference; fileEncoding = 4; lastKnownFileType = sourcecode.c.h; path = Utility.h; sourceTree = "<group>"; };
		CCFC08B91DEFF69100DF895E /* Prefix.pch */ = {isa = PBXFileReference; fileEncoding = 4; lastKnownFileType = sourcecode.c.h; path = Prefix.pch; sourceTree = "<group>"; };
		CCFC08C51DF0418400DF895E /* User.h */ = {isa = PBXFileReference; fileEncoding = 4; lastKnownFileType = sourcecode.c.h; path = User.h; sourceTree = "<group>"; };
		CCFC08C61DF0418400DF895E /* User.m */ = {isa = PBXFileReference; fileEncoding = 4; lastKnownFileType = sourcecode.c.objc; path = User.m; sourceTree = "<group>"; };
		CCFC08CE1DF0419700DF895E /* MineViewController.h */ = {isa = PBXFileReference; fileEncoding = 4; lastKnownFileType = sourcecode.c.h; path = MineViewController.h; sourceTree = "<group>"; };
		CCFC08CF1DF0419700DF895E /* MineViewController.m */ = {isa = PBXFileReference; fileEncoding = 4; lastKnownFileType = sourcecode.c.objc; path = MineViewController.m; sourceTree = "<group>"; };
		CCFC08D01DF0419700DF895E /* PersonalInfoViewController.h */ = {isa = PBXFileReference; fileEncoding = 4; lastKnownFileType = sourcecode.c.h; path = PersonalInfoViewController.h; sourceTree = "<group>"; };
		CCFC08D11DF0419700DF895E /* PersonalInfoViewController.m */ = {isa = PBXFileReference; fileEncoding = 4; lastKnownFileType = sourcecode.c.objc; path = PersonalInfoViewController.m; sourceTree = "<group>"; };
		CCFC08D31DF0419700DF895E /* MainTabBarViewController.h */ = {isa = PBXFileReference; fileEncoding = 4; lastKnownFileType = sourcecode.c.h; path = MainTabBarViewController.h; sourceTree = "<group>"; };
		CCFC08D41DF0419700DF895E /* MainTabBarViewController.m */ = {isa = PBXFileReference; fileEncoding = 4; lastKnownFileType = sourcecode.c.objc; path = MainTabBarViewController.m; sourceTree = "<group>"; };
		CCFC08D61DF0419700DF895E /* TestViewController.h */ = {isa = PBXFileReference; fileEncoding = 4; lastKnownFileType = sourcecode.c.h; path = TestViewController.h; sourceTree = "<group>"; };
		CCFC08D71DF0419700DF895E /* TestViewController.m */ = {isa = PBXFileReference; fileEncoding = 4; lastKnownFileType = sourcecode.c.objc; path = TestViewController.m; sourceTree = "<group>"; };
		CCFDA43F1DF7A1D40085DD96 /* MapViewController.h */ = {isa = PBXFileReference; fileEncoding = 4; lastKnownFileType = sourcecode.c.h; path = MapViewController.h; sourceTree = "<group>"; };
		CCFDA4401DF7A1D40085DD96 /* MapViewController.m */ = {isa = PBXFileReference; fileEncoding = 4; lastKnownFileType = sourcecode.c.objc; path = MapViewController.m; sourceTree = "<group>"; };
		CCFDA4431DF7AD950085DD96 /* MyAnnotation.h */ = {isa = PBXFileReference; fileEncoding = 4; lastKnownFileType = sourcecode.c.h; path = MyAnnotation.h; sourceTree = "<group>"; };
		CCFDA4441DF7AD950085DD96 /* MyAnnotation.m */ = {isa = PBXFileReference; fileEncoding = 4; lastKnownFileType = sourcecode.c.objc; path = MyAnnotation.m; sourceTree = "<group>"; };
		CCFDA4461DF7B8CA0085DD96 /* CacheUtil.h */ = {isa = PBXFileReference; fileEncoding = 4; lastKnownFileType = sourcecode.c.h; path = CacheUtil.h; sourceTree = "<group>"; };
		CCFDA4471DF7B8CA0085DD96 /* CacheUtil.m */ = {isa = PBXFileReference; fileEncoding = 4; lastKnownFileType = sourcecode.c.objc; path = CacheUtil.m; sourceTree = "<group>"; };
		CCFDA4491DF7D4E90085DD96 /* DownloaderViewController.h */ = {isa = PBXFileReference; fileEncoding = 4; lastKnownFileType = sourcecode.c.h; path = DownloaderViewController.h; sourceTree = "<group>"; };
		CCFDA44A1DF7D4E90085DD96 /* DownloaderViewController.m */ = {isa = PBXFileReference; fileEncoding = 4; lastKnownFileType = sourcecode.c.objc; path = DownloaderViewController.m; sourceTree = "<group>"; };
/* End PBXFileReference section */

/* Begin PBXFrameworksBuildPhase section */
		CC8CD5DE1DEEC02600A682B6 /* Frameworks */ = {
			isa = PBXFrameworksBuildPhase;
			buildActionMask = 2147483647;
			files = (
				A956C5191DFA86B10008A592 /* libstdc++.6.tbd in Frameworks */,
				A956C5171DFA86A10008A592 /* libsqlite3.0.tbd in Frameworks */,
				A956C5151DFA86930008A592 /* SystemConfiguration.framework in Frameworks */,
				A956C5131DFA866B0008A592 /* CoreTelephony.framework in Frameworks */,
				A956C5101DFA85270008A592 /* libWeiboSDK.a in Frameworks */,
				A910E6F31DF56FF6002073CF /* libz.tbd in Frameworks */,
				A956C50E1DFA85270008A592 /* TencentOpenAPI.framework in Frameworks */,
				A769AC0AAE74BD0BE0943FF1 /* libPods-TemplateProject.a in Frameworks */,
				A956C4F91DFA82C60008A592 /* libWeChatSDK.a in Frameworks */,
			);
			runOnlyForDeploymentPostprocessing = 0;
		};
/* End PBXFrameworksBuildPhase section */

/* Begin PBXGroup section */
		31C87FC3E02A2B8CC4B41F87 /* Frameworks */ = {
			isa = PBXGroup;
			children = (
				A956C5181DFA86B10008A592 /* libstdc++.6.tbd */,
				A956C5161DFA86A10008A592 /* libsqlite3.0.tbd */,
				A956C5141DFA86930008A592 /* SystemConfiguration.framework */,
				A956C5121DFA866B0008A592 /* CoreTelephony.framework */,
				A910E6F21DF56FF6002073CF /* libz.tbd */,
				6900B7F4098D8950D1861765 /* libPods-TemplateProject.a */,
			);
			name = Frameworks;
			sourceTree = "<group>";
		};
		396AD05AA93AFA888EF9858A /* Pods */ = {
			isa = PBXGroup;
			children = (
				3431A6DFB747424FE6B26ECA /* Pods-TemplateProject.debug.xcconfig */,
				58621766AF40096ED4BAE848 /* Pods-TemplateProject.release.xcconfig */,
			);
			name = Pods;
			sourceTree = "<group>";
		};
		A910E6E01DF56A50002073CF /* HttpClient */ = {
			isa = PBXGroup;
			children = (
				A910E6E51DF56A50002073CF /* HttpURLDefine.h */,
				A910E6E31DF56A50002073CF /* HttpParametersUtility.h */,
				A910E6E41DF56A50002073CF /* HttpParametersUtility.m */,
				A910E6E11DF56A50002073CF /* HttpClient.h */,
				A910E6E21DF56A50002073CF /* HttpClient.m */,
			);
			path = HttpClient;
			sourceTree = "<group>";
		};
		A910E6EC1DF56FCA002073CF /* Vender */ = {
			isa = PBXGroup;
			children = (
				A956C4FD1DFA85270008A592 /* QQ */,
				A956C5001DFA85270008A592 /* SinaWeiBo */,
				A956C4F31DFA82C60008A592 /* WeChat */,
				A9D89D831DF7D9AD0020890F /* JSPatch */,
				A910E6ED1DF56FCA002073CF /* YYCategories */,
			);
			name = Vender;
			path = TemplateProject/Vender;
			sourceTree = "<group>";
		};
		A910E6ED1DF56FCA002073CF /* YYCategories */ = {
			isa = PBXGroup;
			children = (
				A910E6F01DF56FCA002073CF /* YYCategoriesMacro.h */,
				A910E6EE1DF56FCA002073CF /* NSData+YYAdd.h */,
				A910E6EF1DF56FCA002073CF /* NSData+YYAdd.m */,
			);
			path = YYCategories;
			sourceTree = "<group>";
		};
		A911237F1DF7E9FF0087BD92 /* Base */ = {
			isa = PBXGroup;
			children = (
				A91123801DF7EA100087BD92 /* BaseViewController.h */,
				A91123811DF7EA100087BD92 /* BaseViewController.m */,
			);
			path = Base;
			sourceTree = "<group>";
		};
		A956C4EF1DFA82340008A592 /* ThirdOpenPlatform */ = {
			isa = PBXGroup;
			children = (
				A956C4F01DFA824D0008A592 /* ThirdOpenPlatformManager.h */,
				A956C4F11DFA824D0008A592 /* ThirdOpenPlatformManager.m */,
				A956C51B1DFAB7730008A592 /* ShareModel.h */,
				A956C51C1DFAB7730008A592 /* ShareModel.m */,
			);
			path = ThirdOpenPlatform;
			sourceTree = "<group>";
		};
		A956C4F31DFA82C60008A592 /* WeChat */ = {
			isa = PBXGroup;
			children = (
				A956C4F41DFA82C60008A592 /* libWeChatSDK.a */,
				A956C4F51DFA82C60008A592 /* README.txt */,
				A956C4F61DFA82C60008A592 /* WechatAuthSDK.h */,
				A956C4F71DFA82C60008A592 /* WXApi.h */,
				A956C4F81DFA82C60008A592 /* WXApiObject.h */,
			);
			path = WeChat;
			sourceTree = "<group>";
		};
		A956C4FD1DFA85270008A592 /* QQ */ = {
			isa = PBXGroup;
			children = (
				A956C4FE1DFA85270008A592 /* TencentOpenAPI.framework */,
				A956C4FF1DFA85270008A592 /* TencentOpenApi_IOS_Bundle.bundle */,
			);
			path = QQ;
			sourceTree = "<group>";
		};
		A956C5001DFA85270008A592 /* SinaWeiBo */ = {
			isa = PBXGroup;
			children = (
				A956C5011DFA85270008A592 /* libWeiboSDK.a */,
				A956C5021DFA85270008A592 /* WBHttpRequest+WeiboGame.h */,
				A956C5031DFA85270008A592 /* WBHttpRequest+WeiboShare.h */,
				A956C5041DFA85270008A592 /* WBHttpRequest+WeiboToken.h */,
				A956C5051DFA85270008A592 /* WBHttpRequest+WeiboUser.h */,
				A956C5061DFA85270008A592 /* WBHttpRequest.h */,
				A956C5071DFA85270008A592 /* WBSDKBasicButton.h */,
				A956C5081DFA85270008A592 /* WBSDKCommentButton.h */,
				A956C5091DFA85270008A592 /* WBSDKRelationshipButton.h */,
				A956C50A1DFA85270008A592 /* WeiboSDK+Statistics.h */,
				A956C50B1DFA85270008A592 /* WeiboSDK.bundle */,
				A956C50C1DFA85270008A592 /* WeiboSDK.h */,
				A956C50D1DFA85270008A592 /* WeiboUser.h */,
			);
			path = SinaWeiBo;
			sourceTree = "<group>";
		};
		A9727A781DF003FA002640EB /* Resource */ = {
			isa = PBXGroup;
			children = (
				A9727A7E1DF00429002640EB /* InfoPlist.strings */,
				A9727A851DF00447002640EB /* Language.strings */,
			);
			name = Resource;
			path = TemplateProject/Resource;
			sourceTree = "<group>";
		};
		A9D89D831DF7D9AD0020890F /* JSPatch */ = {
			isa = PBXGroup;
			children = (
				A9D89D841DF7D9AD0020890F /* JPEngine.h */,
				A9D89D851DF7D9AD0020890F /* JPEngine.m */,
				A9D89D861DF7D9AD0020890F /* JSPatch.js */,
			);
			path = JSPatch;
			sourceTree = "<group>";
		};
		A9D89D891DF7DA030020890F /* HotFix */ = {
			isa = PBXGroup;
			children = (
				A9D89D8C1DF7DA030020890F /* test.js */,
				A9D89D8A1DF7DA030020890F /* HotFixEngine.h */,
				A9D89D8B1DF7DA030020890F /* HotFixEngine.m */,
			);
			path = HotFix;
			sourceTree = "<group>";
		};
		CC8CD5D81DEEC02600A682B6 = {
			isa = PBXGroup;
			children = (
				A9727A781DF003FA002640EB /* Resource */,
				A910E6EC1DF56FCA002073CF /* Vender */,
				CC8CD6021DEEC87700A682B6 /* Common */,
				CC8CD6011DEEC87700A682B6 /* Biz */,
				CC8CD6031DEEC87700A682B6 /* Controller */,
				CC8CD6041DEEC87700A682B6 /* Model */,
				CC8CD6071DEEC87700A682B6 /* View */,
				CC8CD5E31DEEC02600A682B6 /* TemplateProject */,
				CC8CD5E21DEEC02600A682B6 /* Products */,
				396AD05AA93AFA888EF9858A /* Pods */,
				31C87FC3E02A2B8CC4B41F87 /* Frameworks */,
			);
			sourceTree = "<group>";
		};
		CC8CD5E21DEEC02600A682B6 /* Products */ = {
			isa = PBXGroup;
			children = (
				CC8CD5E11DEEC02600A682B6 /* TemplateProject.app */,
			);
			name = Products;
			sourceTree = "<group>";
		};
		CC8CD5E31DEEC02600A682B6 /* TemplateProject */ = {
			isa = PBXGroup;
			children = (
				CC8CD5E71DEEC02600A682B6 /* AppDelegate.h */,
				CC8CD5E81DEEC02600A682B6 /* AppDelegate.m */,
				CC8CD5EA1DEEC02600A682B6 /* ViewController.h */,
				CC8CD5EB1DEEC02600A682B6 /* ViewController.m */,
				CC8CD5F01DEEC02600A682B6 /* Assets.xcassets */,
				CC8CD5F21DEEC02600A682B6 /* LaunchScreen.storyboard */,
				CC8CD5F51DEEC02600A682B6 /* Info.plist */,
				CC8CD5E41DEEC02600A682B6 /* Supporting Files */,
			);
			path = TemplateProject;
			sourceTree = "<group>";
		};
		CC8CD5E41DEEC02600A682B6 /* Supporting Files */ = {
			isa = PBXGroup;
			children = (
				CCFC08B91DEFF69100DF895E /* Prefix.pch */,
				CC8CD5E51DEEC02600A682B6 /* main.m */,
			);
			name = "Supporting Files";
			sourceTree = "<group>";
		};
		CC8CD6011DEEC87700A682B6 /* Biz */ = {
			isa = PBXGroup;
			children = (
				A956C4EF1DFA82340008A592 /* ThirdOpenPlatform */,
				A9D89D891DF7DA030020890F /* HotFix */,
			);
			name = Biz;
			path = TemplateProject/Biz;
			sourceTree = "<group>";
		};
		CC8CD6021DEEC87700A682B6 /* Common */ = {
			isa = PBXGroup;
			children = (
				A910E6E01DF56A50002073CF /* HttpClient */,
				CCFC08821DEFF14900DF895E /* Category */,
				CCFC08811DEFF0AF00DF895E /* Util */,
			);
			name = Common;
			path = TemplateProject/Common;
			sourceTree = "<group>";
		};
		CC8CD6031DEEC87700A682B6 /* Controller */ = {
			isa = PBXGroup;
			children = (
				CCD920721DFA7845004503A8 /* Login_Register */,
				A911237F1DF7E9FF0087BD92 /* Base */,
				CCFDA43E1DF7A1BD0085DD96 /* NearBy */,
				CCFC08CD1DF0419700DF895E /* Me */,
				CCFC08D21DF0419700DF895E /* TabBarController */,
				CCFC08D51DF0419700DF895E /* Test */,
			);
			name = Controller;
			path = TemplateProject/Controller;
			sourceTree = "<group>";
		};
		CC8CD6041DEEC87700A682B6 /* Model */ = {
			isa = PBXGroup;
			children = (
				CCFDA4421DF7AD7D0085DD96 /* NearBy */,
				CCFC08C41DF0418400DF895E /* User */,
			);
			name = Model;
			path = TemplateProject/Model;
			sourceTree = "<group>";
		};
		CC8CD6071DEEC87700A682B6 /* View */ = {
			isa = PBXGroup;
			children = (
			);
			name = View;
			path = TemplateProject/View;
			sourceTree = "<group>";
		};
		CCD920721DFA7845004503A8 /* Login_Register */ = {
			isa = PBXGroup;
			children = (
				CCD920731DFA7845004503A8 /* ForgetPassViewController.h */,
				CCD920741DFA7845004503A8 /* ForgetPassViewController.m */,
				CCD920751DFA7845004503A8 /* LoginViewController.h */,
				CCD920761DFA7845004503A8 /* LoginViewController.m */,
				CCD920771DFA7845004503A8 /* ModifyPassWordViewController.h */,
				CCD920781DFA7845004503A8 /* ModifyPassWordViewController.m */,
				CCD920791DFA7845004503A8 /* RegisterViewController.h */,
				CCD9207A1DFA7845004503A8 /* RegisterViewController.m */,
			);
			path = Login_Register;
			sourceTree = "<group>";
		};
		CCFC08811DEFF0AF00DF895E /* Util */ = {
			isa = PBXGroup;
			children = (
				A956C51A1DFA8A9E0008A592 /* Macro.h */,
				CCFC08B81DEFF53B00DF895E /* Utility.h */,
				CCFC08B51DEFF16800DF895E /* Validate.h */,
				CCFC08B61DEFF16800DF895E /* Validate.m */,
				A9727A881DF004EC002640EB /* LanguageTool.h */,
				A9727A891DF004EC002640EB /* LanguageTool.m */,
				CCFDA4461DF7B8CA0085DD96 /* CacheUtil.h */,
				CCFDA4471DF7B8CA0085DD96 /* CacheUtil.m */,
			);
			path = Util;
			sourceTree = "<group>";
		};
		CCFC08821DEFF14900DF895E /* Category */ = {
			isa = PBXGroup;
			children = (
				CCFC08831DEFF14900DF895E /* NSDateAdditions.h */,
				CCFC08841DEFF14900DF895E /* NSDateAdditions.m */,
				CCFC08851DEFF14900DF895E /* NSMutableAttributedString+Utility.h */,
				CCFC08861DEFF14900DF895E /* NSMutableAttributedString+Utility.m */,
				CCFC08871DEFF14900DF895E /* NSObjectAdditions.h */,
				CCFC08881DEFF14900DF895E /* NSObjectAdditions.m */,
				CCFC08891DEFF14900DF895E /* NSStringAdditions.h */,
				CCFC088A1DEFF14900DF895E /* NSStringAdditions.m */,
				CCFC088B1DEFF14900DF895E /* NullSafe.m */,
				CCFC088C1DEFF14900DF895E /* UIButton+Layout.h */,
				CCFC088D1DEFF14900DF895E /* UIButton+Layout.m */,
				CCFC088E1DEFF14900DF895E /* UIColor+WYColor.h */,
				CCFC088F1DEFF14900DF895E /* UIColor+WYColor.m */,
				CCFC08901DEFF14900DF895E /* UIColorAdditions.h */,
				CCFC08911DEFF14900DF895E /* UIColorAdditions.m */,
				CCFC08921DEFF14900DF895E /* UIFont+Default.h */,
				CCFC08931DEFF14900DF895E /* UIFont+Default.m */,
				CCFC08941DEFF14900DF895E /* UIImage+WYImage.h */,
				CCFC08951DEFF14900DF895E /* UIImage+WYImage.m */,
				CCFC08961DEFF14900DF895E /* UIImageAdditions.h */,
				CCFC08971DEFF14900DF895E /* UIImageAdditions.m */,
				CCFC08981DEFF14900DF895E /* UILabel+Gradient.h */,
				CCFC08991DEFF14900DF895E /* UILabel+Gradient.m */,
				CCFC089A1DEFF14900DF895E /* UIView+Diamond.h */,
				CCFC089B1DEFF14900DF895E /* UIView+Diamond.m */,
				CCFC089C1DEFF14900DF895E /* UIView+FrameLayout.h */,
				CCFC089D1DEFF14900DF895E /* UIView+FrameLayout.m */,
				CCFC08A01DEFF14900DF895E /* UIView+WYView.h */,
				CCFC08A11DEFF14900DF895E /* UIView+WYView.m */,
				CCFC08A21DEFF14900DF895E /* UIViewAdditions.h */,
				CCFC08A31DEFF14900DF895E /* UIViewAdditions.m */,
			);
			path = Category;
			sourceTree = "<group>";
		};
		CCFC08C41DF0418400DF895E /* User */ = {
			isa = PBXGroup;
			children = (
				CCFC08C51DF0418400DF895E /* User.h */,
				CCFC08C61DF0418400DF895E /* User.m */,
			);
			path = User;
			sourceTree = "<group>";
		};
		CCFC08CD1DF0419700DF895E /* Me */ = {
			isa = PBXGroup;
			children = (
				A9D89D8F1DF7DCA00020890F /* LanguageSelectViewController.h */,
				A9D89D901DF7DCA00020890F /* LanguageSelectViewController.m */,
				CCFC08CE1DF0419700DF895E /* MineViewController.h */,
				CCFC08CF1DF0419700DF895E /* MineViewController.m */,
				CCFC08D01DF0419700DF895E /* PersonalInfoViewController.h */,
				CCFC08D11DF0419700DF895E /* PersonalInfoViewController.m */,
				CC4EFFCD1DF17D3000B7C5BB /* MultiImagePickController.h */,
				CC4EFFCE1DF17D3000B7C5BB /* MultiImagePickController.m */,
				CC3F69151DF276B600F85540 /* ShowPhotoViewController.h */,
				CC3F69161DF276B600F85540 /* ShowPhotoViewController.m */,
			);
			path = Me;
			sourceTree = "<group>";
		};
		CCFC08D21DF0419700DF895E /* TabBarController */ = {
			isa = PBXGroup;
			children = (
				CCFC08D31DF0419700DF895E /* MainTabBarViewController.h */,
				CCFC08D41DF0419700DF895E /* MainTabBarViewController.m */,
			);
			path = TabBarController;
			sourceTree = "<group>";
		};
		CCFC08D51DF0419700DF895E /* Test */ = {
			isa = PBXGroup;
			children = (
				CCFC08D61DF0419700DF895E /* TestViewController.h */,
				CCFC08D71DF0419700DF895E /* TestViewController.m */,
				CCFDA4491DF7D4E90085DD96 /* DownloaderViewController.h */,
				CCFDA44A1DF7D4E90085DD96 /* DownloaderViewController.m */,
			);
			path = Test;
			sourceTree = "<group>";
		};
		CCFDA43E1DF7A1BD0085DD96 /* NearBy */ = {
			isa = PBXGroup;
			children = (
				CCFDA43F1DF7A1D40085DD96 /* MapViewController.h */,
				CCFDA4401DF7A1D40085DD96 /* MapViewController.m */,
			);
			path = NearBy;
			sourceTree = "<group>";
		};
		CCFDA4421DF7AD7D0085DD96 /* NearBy */ = {
			isa = PBXGroup;
			children = (
				CCFDA4431DF7AD950085DD96 /* MyAnnotation.h */,
				CCFDA4441DF7AD950085DD96 /* MyAnnotation.m */,
			);
			path = NearBy;
			sourceTree = "<group>";
		};
/* End PBXGroup section */

/* Begin PBXNativeTarget section */
		CC8CD5E01DEEC02600A682B6 /* TemplateProject */ = {
			isa = PBXNativeTarget;
			buildConfigurationList = CC8CD5F81DEEC02600A682B6 /* Build configuration list for PBXNativeTarget "TemplateProject" */;
			buildPhases = (
				A81ADF8CD08FF454978536B2 /* [CP] Check Pods Manifest.lock */,
				CC8CD5DD1DEEC02600A682B6 /* Sources */,
				CC8CD5DE1DEEC02600A682B6 /* Frameworks */,
				CC8CD5DF1DEEC02600A682B6 /* Resources */,
				2E456AC09FC4FEF66BEBD3A4 /* [CP] Embed Pods Frameworks */,
				6BEDAD2B3D8FA4D9C613F483 /* [CP] Copy Pods Resources */,
			);
			buildRules = (
			);
			dependencies = (
			);
			name = TemplateProject;
			productName = TemplateProject;
			productReference = CC8CD5E11DEEC02600A682B6 /* TemplateProject.app */;
			productType = "com.apple.product-type.application";
		};
/* End PBXNativeTarget section */

/* Begin PBXProject section */
		CC8CD5D91DEEC02600A682B6 /* Project object */ = {
			isa = PBXProject;
			attributes = {
				LastUpgradeCheck = 0810;
				TargetAttributes = {
					CC8CD5E01DEEC02600A682B6 = {
						CreatedOnToolsVersion = 8.1;
						DevelopmentTeam = DQ3E9JXX24;
						ProvisioningStyle = Automatic;
					};
				};
			};
			buildConfigurationList = CC8CD5DC1DEEC02600A682B6 /* Build configuration list for PBXProject "TemplateProject" */;
			compatibilityVersion = "Xcode 3.2";
			developmentRegion = English;
			hasScannedForEncodings = 0;
			knownRegions = (
				en,
				Base,
				"zh-Hans",
				"zh-Hant",
			);
			mainGroup = CC8CD5D81DEEC02600A682B6;
			productRefGroup = CC8CD5E21DEEC02600A682B6 /* Products */;
			projectDirPath = "";
			projectRoot = "";
			targets = (
				CC8CD5E01DEEC02600A682B6 /* TemplateProject */,
			);
		};
/* End PBXProject section */

/* Begin PBXResourcesBuildPhase section */
		CC8CD5DF1DEEC02600A682B6 /* Resources */ = {
			isa = PBXResourcesBuildPhase;
			buildActionMask = 2147483647;
			files = (
				A956C50F1DFA85270008A592 /* TencentOpenApi_IOS_Bundle.bundle in Resources */,
				A9D89D8E1DF7DA030020890F /* test.js in Resources */,
				A9727A831DF00447002640EB /* Language.strings in Resources */,
				A9D89D881DF7D9AD0020890F /* JSPatch.js in Resources */,
				CC8CD5F41DEEC02600A682B6 /* LaunchScreen.storyboard in Resources */,
				A956C5111DFA85270008A592 /* WeiboSDK.bundle in Resources */,
				A9727A7C1DF00429002640EB /* InfoPlist.strings in Resources */,
				A956C4FA1DFA82C60008A592 /* README.txt in Resources */,
				CC8CD5F11DEEC02600A682B6 /* Assets.xcassets in Resources */,
			);
			runOnlyForDeploymentPostprocessing = 0;
		};
/* End PBXResourcesBuildPhase section */

/* Begin PBXShellScriptBuildPhase section */
		2E456AC09FC4FEF66BEBD3A4 /* [CP] Embed Pods Frameworks */ = {
			isa = PBXShellScriptBuildPhase;
			buildActionMask = 2147483647;
			files = (
			);
			inputPaths = (
			);
			name = "[CP] Embed Pods Frameworks";
			outputPaths = (
			);
			runOnlyForDeploymentPostprocessing = 0;
			shellPath = /bin/sh;
			shellScript = "\"${SRCROOT}/Pods/Target Support Files/Pods-TemplateProject/Pods-TemplateProject-frameworks.sh\"\n";
			showEnvVarsInLog = 0;
		};
		6BEDAD2B3D8FA4D9C613F483 /* [CP] Copy Pods Resources */ = {
			isa = PBXShellScriptBuildPhase;
			buildActionMask = 2147483647;
			files = (
			);
			inputPaths = (
			);
			name = "[CP] Copy Pods Resources";
			outputPaths = (
			);
			runOnlyForDeploymentPostprocessing = 0;
			shellPath = /bin/sh;
			shellScript = "\"${SRCROOT}/Pods/Target Support Files/Pods-TemplateProject/Pods-TemplateProject-resources.sh\"\n";
			showEnvVarsInLog = 0;
		};
		A81ADF8CD08FF454978536B2 /* [CP] Check Pods Manifest.lock */ = {
			isa = PBXShellScriptBuildPhase;
			buildActionMask = 2147483647;
			files = (
			);
			inputPaths = (
			);
			name = "[CP] Check Pods Manifest.lock";
			outputPaths = (
			);
			runOnlyForDeploymentPostprocessing = 0;
			shellPath = /bin/sh;
			shellScript = "diff \"${PODS_ROOT}/../Podfile.lock\" \"${PODS_ROOT}/Manifest.lock\" > /dev/null\nif [ $? != 0 ] ; then\n    # print error to STDERR\n    echo \"error: The sandbox is not in sync with the Podfile.lock. Run 'pod install' or update your CocoaPods installation.\" >&2\n    exit 1\nfi\n";
			showEnvVarsInLog = 0;
		};
/* End PBXShellScriptBuildPhase section */

/* Begin PBXSourcesBuildPhase section */
		CC8CD5DD1DEEC02600A682B6 /* Sources */ = {
			isa = PBXSourcesBuildPhase;
			buildActionMask = 2147483647;
			files = (
				CCFC08AC1DEFF14900DF895E /* UIFont+Default.m in Sources */,
				A910E6E61DF56A50002073CF /* HttpClient.m in Sources */,
				CC4EFFCF1DF17D3000B7C5BB /* MultiImagePickController.m in Sources */,
				CCFDA4411DF7A1D40085DD96 /* MapViewController.m in Sources */,
				CCFC08DD1DF0419700DF895E /* TestViewController.m in Sources */,
				CCD9207E1DFA7845004503A8 /* RegisterViewController.m in Sources */,
				CCFC08DA1DF0419700DF895E /* MineViewController.m in Sources */,
				CCFC08AE1DEFF14900DF895E /* UIImageAdditions.m in Sources */,
				CCFC08B71DEFF16800DF895E /* Validate.m in Sources */,
				CCFC08B01DEFF14900DF895E /* UIView+Diamond.m in Sources */,
				CCFC08A41DEFF14900DF895E /* NSDateAdditions.m in Sources */,
				CCFC08A61DEFF14900DF895E /* NSObjectAdditions.m in Sources */,
				CCFC08C71DF0418400DF895E /* User.m in Sources */,
				A910E6F11DF56FCA002073CF /* NSData+YYAdd.m in Sources */,
				CCFDA4481DF7B8CA0085DD96 /* CacheUtil.m in Sources */,
				CCFDA44B1DF7D4E90085DD96 /* DownloaderViewController.m in Sources */,
				A9D89D8D1DF7DA030020890F /* HotFixEngine.m in Sources */,
				CC3F69171DF276B600F85540 /* ShowPhotoViewController.m in Sources */,
				CCD9207D1DFA7845004503A8 /* ModifyPassWordViewController.m in Sources */,
				A91123821DF7EA100087BD92 /* BaseViewController.m in Sources */,
				CCFC08DB1DF0419700DF895E /* PersonalInfoViewController.m in Sources */,
				CCD9207C1DFA7845004503A8 /* LoginViewController.m in Sources */,
				CC8CD5EC1DEEC02600A682B6 /* ViewController.m in Sources */,
				A956C51D1DFAB7730008A592 /* ShareModel.m in Sources */,
				A9D89D911DF7DCA00020890F /* LanguageSelectViewController.m in Sources */,
				A9727A8A1DF004EC002640EB /* LanguageTool.m in Sources */,
				CCFC08B11DEFF14900DF895E /* UIView+FrameLayout.m in Sources */,
				CCFC08AD1DEFF14900DF895E /* UIImage+WYImage.m in Sources */,
				CCFDA4451DF7AD950085DD96 /* MyAnnotation.m in Sources */,
				CCFC08DC1DF0419700DF895E /* MainTabBarViewController.m in Sources */,
				CCD9207B1DFA7845004503A8 /* ForgetPassViewController.m in Sources */,
				A956C4F21DFA824D0008A592 /* ThirdOpenPlatformManager.m in Sources */,
				CCFC08A71DEFF14900DF895E /* NSStringAdditions.m in Sources */,
				CCFC08B31DEFF14900DF895E /* UIView+WYView.m in Sources */,
				CCFC08AB1DEFF14900DF895E /* UIColorAdditions.m in Sources */,
				CCFC08A51DEFF14900DF895E /* NSMutableAttributedString+Utility.m in Sources */,
				A9D89D871DF7D9AD0020890F /* JPEngine.m in Sources */,
				CC8CD5E91DEEC02600A682B6 /* AppDelegate.m in Sources */,
				CCFC08AF1DEFF14900DF895E /* UILabel+Gradient.m in Sources */,
				A910E6E71DF56A50002073CF /* HttpParametersUtility.m in Sources */,
				CCFC08A91DEFF14900DF895E /* UIButton+Layout.m in Sources */,
				CC8CD5E61DEEC02600A682B6 /* main.m in Sources */,
				CCFC08B41DEFF14900DF895E /* UIViewAdditions.m in Sources */,
				CCFC08A81DEFF14900DF895E /* NullSafe.m in Sources */,
				CCFC08AA1DEFF14900DF895E /* UIColor+WYColor.m in Sources */,
			);
			runOnlyForDeploymentPostprocessing = 0;
		};
/* End PBXSourcesBuildPhase section */

/* Begin PBXVariantGroup section */
		A9727A7E1DF00429002640EB /* InfoPlist.strings */ = {
			isa = PBXVariantGroup;
			children = (
				A9727A7D1DF00429002640EB /* en */,
				A9727A7F1DF0042A002640EB /* zh-Hans */,
				A9727A801DF0042C002640EB /* zh-Hant */,
			);
			name = InfoPlist.strings;
			sourceTree = "<group>";
		};
		A9727A851DF00447002640EB /* Language.strings */ = {
			isa = PBXVariantGroup;
			children = (
				A9727A841DF00447002640EB /* en */,
				A9727A861DF00448002640EB /* zh-Hans */,
				A9727A871DF0044A002640EB /* zh-Hant */,
			);
			name = Language.strings;
			sourceTree = "<group>";
		};
		CC8CD5F21DEEC02600A682B6 /* LaunchScreen.storyboard */ = {
			isa = PBXVariantGroup;
			children = (
				CC8CD5F31DEEC02600A682B6 /* Base */,
				A9727A731DF0020C002640EB /* zh-Hans */,
				A9727A7B1DF0041C002640EB /* zh-Hant */,
			);
			name = LaunchScreen.storyboard;
			sourceTree = "<group>";
		};
/* End PBXVariantGroup section */

/* Begin XCBuildConfiguration section */
		CC8CD5F61DEEC02600A682B6 /* Debug */ = {
			isa = XCBuildConfiguration;
			buildSettings = {
				ALWAYS_SEARCH_USER_PATHS = NO;
				CLANG_ANALYZER_LOCALIZABILITY_NONLOCALIZED = YES;
				CLANG_ANALYZER_NONNULL = YES;
				CLANG_CXX_LANGUAGE_STANDARD = "gnu++0x";
				CLANG_CXX_LIBRARY = "libc++";
				CLANG_ENABLE_MODULES = YES;
				CLANG_ENABLE_OBJC_ARC = YES;
				CLANG_WARN_BOOL_CONVERSION = YES;
				CLANG_WARN_CONSTANT_CONVERSION = YES;
				CLANG_WARN_DIRECT_OBJC_ISA_USAGE = YES_ERROR;
				CLANG_WARN_DOCUMENTATION_COMMENTS = YES;
				CLANG_WARN_EMPTY_BODY = YES;
				CLANG_WARN_ENUM_CONVERSION = YES;
				CLANG_WARN_INFINITE_RECURSION = YES;
				CLANG_WARN_INT_CONVERSION = YES;
				CLANG_WARN_OBJC_ROOT_CLASS = YES_ERROR;
				CLANG_WARN_SUSPICIOUS_MOVE = YES;
				CLANG_WARN_SUSPICIOUS_MOVES = YES;
				CLANG_WARN_UNREACHABLE_CODE = YES;
				CLANG_WARN__DUPLICATE_METHOD_MATCH = YES;
				"CODE_SIGN_IDENTITY[sdk=iphoneos*]" = "iPhone Developer";
				COPY_PHASE_STRIP = NO;
				DEBUG_INFORMATION_FORMAT = dwarf;
				ENABLE_STRICT_OBJC_MSGSEND = YES;
				ENABLE_TESTABILITY = YES;
				GCC_C_LANGUAGE_STANDARD = gnu99;
				GCC_DYNAMIC_NO_PIC = NO;
				GCC_NO_COMMON_BLOCKS = YES;
				GCC_OPTIMIZATION_LEVEL = 0;
				GCC_PREPROCESSOR_DEFINITIONS = (
					"DEBUG=1",
					"$(inherited)",
				);
				GCC_WARN_64_TO_32_BIT_CONVERSION = YES;
				GCC_WARN_ABOUT_RETURN_TYPE = YES_ERROR;
				GCC_WARN_UNDECLARED_SELECTOR = YES;
				GCC_WARN_UNINITIALIZED_AUTOS = YES_AGGRESSIVE;
				GCC_WARN_UNUSED_FUNCTION = YES;
				GCC_WARN_UNUSED_VARIABLE = YES;
				IPHONEOS_DEPLOYMENT_TARGET = 10.1;
				MTL_ENABLE_DEBUG_INFO = YES;
				ONLY_ACTIVE_ARCH = YES;
				SDKROOT = iphoneos;
			};
			name = Debug;
		};
		CC8CD5F71DEEC02600A682B6 /* Release */ = {
			isa = XCBuildConfiguration;
			buildSettings = {
				ALWAYS_SEARCH_USER_PATHS = NO;
				CLANG_ANALYZER_LOCALIZABILITY_NONLOCALIZED = YES;
				CLANG_ANALYZER_NONNULL = YES;
				CLANG_CXX_LANGUAGE_STANDARD = "gnu++0x";
				CLANG_CXX_LIBRARY = "libc++";
				CLANG_ENABLE_MODULES = YES;
				CLANG_ENABLE_OBJC_ARC = YES;
				CLANG_WARN_BOOL_CONVERSION = YES;
				CLANG_WARN_CONSTANT_CONVERSION = YES;
				CLANG_WARN_DIRECT_OBJC_ISA_USAGE = YES_ERROR;
				CLANG_WARN_DOCUMENTATION_COMMENTS = YES;
				CLANG_WARN_EMPTY_BODY = YES;
				CLANG_WARN_ENUM_CONVERSION = YES;
				CLANG_WARN_INFINITE_RECURSION = YES;
				CLANG_WARN_INT_CONVERSION = YES;
				CLANG_WARN_OBJC_ROOT_CLASS = YES_ERROR;
				CLANG_WARN_SUSPICIOUS_MOVE = YES;
				CLANG_WARN_SUSPICIOUS_MOVES = YES;
				CLANG_WARN_UNREACHABLE_CODE = YES;
				CLANG_WARN__DUPLICATE_METHOD_MATCH = YES;
				"CODE_SIGN_IDENTITY[sdk=iphoneos*]" = "iPhone Developer";
				COPY_PHASE_STRIP = NO;
				DEBUG_INFORMATION_FORMAT = "dwarf-with-dsym";
				ENABLE_NS_ASSERTIONS = NO;
				ENABLE_STRICT_OBJC_MSGSEND = YES;
				GCC_C_LANGUAGE_STANDARD = gnu99;
				GCC_NO_COMMON_BLOCKS = YES;
				GCC_WARN_64_TO_32_BIT_CONVERSION = YES;
				GCC_WARN_ABOUT_RETURN_TYPE = YES_ERROR;
				GCC_WARN_UNDECLARED_SELECTOR = YES;
				GCC_WARN_UNINITIALIZED_AUTOS = YES_AGGRESSIVE;
				GCC_WARN_UNUSED_FUNCTION = YES;
				GCC_WARN_UNUSED_VARIABLE = YES;
				IPHONEOS_DEPLOYMENT_TARGET = 10.1;
				MTL_ENABLE_DEBUG_INFO = NO;
				SDKROOT = iphoneos;
				VALIDATE_PRODUCT = YES;
			};
			name = Release;
		};
		CC8CD5F91DEEC02600A682B6 /* Debug */ = {
			isa = XCBuildConfiguration;
			baseConfigurationReference = 3431A6DFB747424FE6B26ECA /* Pods-TemplateProject.debug.xcconfig */;
			buildSettings = {
				CLANG_ENABLE_OBJC_WEAK = YES;
				"CODE_SIGN_IDENTITY[sdk=iphoneos*]" = "iPhone Developer";
				DEVELOPMENT_TEAM = DQ3E9JXX24;
				FRAMEWORK_SEARCH_PATHS = (
					"$(inherited)",
					"$(PROJECT_DIR)/TemplateProject/Vender/QQ",
				);
				GCC_PRECOMPILE_PREFIX_HEADER = YES;
				GCC_PREFIX_HEADER = "${PROJECT_DIR}/TemplateProject/Prefix.pch";
				HEADER_SEARCH_PATHS = (
					"$(inherited)",
					"\"${PODS_ROOT}/Headers/Public\"",
					"\"${PODS_ROOT}/Headers/Public/AFNetworking\"",
					"\"${PODS_ROOT}/Headers/Public/BlocksKit\"",
					"\"${PODS_ROOT}/Headers/Public/CocoaAsyncSocket\"",
					"\"${PODS_ROOT}/Headers/Public/FMDB\"",
					"\"${PODS_ROOT}/Headers/Public/IQKeyboardManager\"",
					"\"${PODS_ROOT}/Headers/Public/MBProgressHUD\"",
					"\"${PODS_ROOT}/Headers/Public/MJRefresh\"",
					"\"${PODS_ROOT}/Headers/Public/Masonry\"",
					"\"${PODS_ROOT}/Headers/Public/SDWebImage\"",
					"\"${PODS_ROOT}/Headers/Public/TTTAttributedLabel\"",
					"\"${PODS_ROOT}/Headers/Public/WebViewJavascriptBridge\"",
					"\"${PODS_ROOT}/Headers/Public/YYKeyboardManager\"",
					"\"${PODS_ROOT}/Headers/Public/YYModel\"",
					"\"${PODS_ROOT}/Headers/Public/iCarousel\"",
				);
				INFOPLIST_FILE = TemplateProject/Info.plist;
				IPHONEOS_DEPLOYMENT_TARGET = 8.0;
				LD_RUNPATH_SEARCH_PATHS = "$(inherited) @executable_path/Frameworks";
				LIBRARY_SEARCH_PATHS = (
					"$(inherited)",
					"$(PROJECT_DIR)/TemplateProject/Vender/WeChat",
					"$(PROJECT_DIR)/TemplateProject/Vender/SinaWeiBo",
				);
				OTHER_LDFLAGS = (
					"$(inherited)",
					"-ObjC",
					"-l\"AFNetworking\"",
					"-l\"BlocksKit\"",
					"-l\"CocoaAsyncSocket\"",
					"-l\"FMDB\"",
					"-l\"IQKeyboardManager\"",
					"-l\"MBProgressHUD\"",
					"-l\"MJRefresh\"",
					"-l\"Masonry\"",
					"-l\"ReactiveObjC\"",
					"-l\"SDWebImage\"",
					"-l\"TTTAttributedLabel\"",
					"-l\"WebViewJavascriptBridge\"",
					"-l\"YYKeyboardManager\"",
					"-l\"YYModel\"",
					"-l\"iCarousel\"",
					"-l\"sqlite3\"",
					"-framework",
					"\"CFNetwork\"",
					"-framework",
					"\"CoreFoundation\"",
					"-framework",
					"\"CoreGraphics\"",
					"-framework",
					"\"CoreText\"",
					"-framework",
					"\"Foundation\"",
					"-framework",
					"\"ImageIO\"",
					"-framework",
					"\"MessageUI\"",
					"-framework",
					"\"MobileCoreServices\"",
					"-framework",
					"\"QuartzCore\"",
					"-framework",
					"\"Security\"",
					"-framework",
					"\"SystemConfiguration\"",
					"-framework",
					"\"UIKit\"",
					"-all_load",
				);
				PRODUCT_BUNDLE_IDENTIFIER = com.qinxiang.zeusplus;
				PRODUCT_NAME = "$(TARGET_NAME)";
				PROVISIONING_PROFILE = "";
				PROVISIONING_PROFILE_SPECIFIER = "";
			};
			name = Debug;
		};
		CC8CD5FA1DEEC02600A682B6 /* Release */ = {
			isa = XCBuildConfiguration;
			baseConfigurationReference = 58621766AF40096ED4BAE848 /* Pods-TemplateProject.release.xcconfig */;
			buildSettings = {
				CLANG_ENABLE_OBJC_WEAK = YES;
				"CODE_SIGN_IDENTITY[sdk=iphoneos*]" = "iPhone Developer";
				DEVELOPMENT_TEAM = DQ3E9JXX24;
				FRAMEWORK_SEARCH_PATHS = (
					"$(inherited)",
					"$(PROJECT_DIR)/TemplateProject/Vender/QQ",
				);
				GCC_PRECOMPILE_PREFIX_HEADER = YES;
				GCC_PREFIX_HEADER = "${PROJECT_DIR}/TemplateProject/Prefix.pch";
				HEADER_SEARCH_PATHS = (
					"$(inherited)",
					"\"${PODS_ROOT}/Headers/Public\"",
					"\"${PODS_ROOT}/Headers/Public/AFNetworking\"",
					"\"${PODS_ROOT}/Headers/Public/BlocksKit\"",
					"\"${PODS_ROOT}/Headers/Public/CocoaAsyncSocket\"",
					"\"${PODS_ROOT}/Headers/Public/FMDB\"",
					"\"${PODS_ROOT}/Headers/Public/IQKeyboardManager\"",
					"\"${PODS_ROOT}/Headers/Public/MBProgressHUD\"",
					"\"${PODS_ROOT}/Headers/Public/MJRefresh\"",
					"\"${PODS_ROOT}/Headers/Public/Masonry\"",
					"\"${PODS_ROOT}/Headers/Public/SDWebImage\"",
					"\"${PODS_ROOT}/Headers/Public/TTTAttributedLabel\"",
					"\"${PODS_ROOT}/Headers/Public/WebViewJavascriptBridge\"",
					"\"${PODS_ROOT}/Headers/Public/YYKeyboardManager\"",
					"\"${PODS_ROOT}/Headers/Public/YYModel\"",
					"\"${PODS_ROOT}/Headers/Public/iCarousel\"",
				);
				INFOPLIST_FILE = TemplateProject/Info.plist;
				IPHONEOS_DEPLOYMENT_TARGET = 8.0;
				LD_RUNPATH_SEARCH_PATHS = "$(inherited) @executable_path/Frameworks";
				LIBRARY_SEARCH_PATHS = (
					"$(inherited)",
					"$(PROJECT_DIR)/TemplateProject/Vender/WeChat",
					"$(PROJECT_DIR)/TemplateProject/Vender/SinaWeiBo",
				);
				OTHER_LDFLAGS = (
					"$(inherited)",
					"-ObjC",
					"-l\"AFNetworking\"",
					"-l\"BlocksKit\"",
					"-l\"CocoaAsyncSocket\"",
					"-l\"FMDB\"",
					"-l\"IQKeyboardManager\"",
					"-l\"MBProgressHUD\"",
					"-l\"MJRefresh\"",
					"-l\"Masonry\"",
					"-l\"ReactiveObjC\"",
					"-l\"SDWebImage\"",
					"-l\"TTTAttributedLabel\"",
					"-l\"WebViewJavascriptBridge\"",
					"-l\"YYKeyboardManager\"",
					"-l\"YYModel\"",
					"-l\"iCarousel\"",
					"-l\"sqlite3\"",
					"-framework",
					"\"CFNetwork\"",
					"-framework",
					"\"CoreFoundation\"",
					"-framework",
					"\"CoreGraphics\"",
					"-framework",
					"\"CoreText\"",
					"-framework",
					"\"Foundation\"",
					"-framework",
					"\"ImageIO\"",
					"-framework",
					"\"MessageUI\"",
					"-framework",
					"\"MobileCoreServices\"",
					"-framework",
					"\"QuartzCore\"",
					"-framework",
					"\"Security\"",
					"-framework",
					"\"SystemConfiguration\"",
					"-framework",
					"\"UIKit\"",
					"-all_load",
				);
				PRODUCT_BUNDLE_IDENTIFIER = com.qinxiang.zeusplus;
				PRODUCT_NAME = "$(TARGET_NAME)";
				PROVISIONING_PROFILE = "";
				PROVISIONING_PROFILE_SPECIFIER = "";
			};
			name = Release;
		};
/* End XCBuildConfiguration section */

/* Begin XCConfigurationList section */
		CC8CD5DC1DEEC02600A682B6 /* Build configuration list for PBXProject "TemplateProject" */ = {
			isa = XCConfigurationList;
			buildConfigurations = (
				CC8CD5F61DEEC02600A682B6 /* Debug */,
				CC8CD5F71DEEC02600A682B6 /* Release */,
			);
			defaultConfigurationIsVisible = 0;
			defaultConfigurationName = Release;
		};
		CC8CD5F81DEEC02600A682B6 /* Build configuration list for PBXNativeTarget "TemplateProject" */ = {
			isa = XCConfigurationList;
			buildConfigurations = (
				CC8CD5F91DEEC02600A682B6 /* Debug */,
				CC8CD5FA1DEEC02600A682B6 /* Release */,
			);
			defaultConfigurationIsVisible = 0;
			defaultConfigurationName = Release;
		};
/* End XCConfigurationList section */
	};
	rootObject = CC8CD5D91DEEC02600A682B6 /* Project object */;
}
